
Microsoft Visual Studio Solution File, Format Version 12.00
# Visual Studio 2012
Project("{FAE04EC0-301F-11D3-BF4B-00C04F79EFBC}") = "Client", "Client\Client.csproj", "{13D2E3E4-79AF-4FBB-A085-CBC755E64A99}"
EndProject
Project("{FAE04EC0-301F-11D3-BF4B-00C04F79EFBC}") = "Api", "Api\Api.csproj", "{59459D05-8D48-4D87-AABD-7D01E4E32CEC}"
EndProject
Project("{2150E333-8FDC-42A3-9474-1A3956D46DE8}") = ".nuget", ".nuget", "{53B18943-390D-42AE-9373-4B4DCC9C570F}"
	ProjectSection(SolutionItems) = preProject
		.nuget\NuGet.Config = .nuget\NuGet.Config
		.nuget\NuGet.exe = .nuget\NuGet.exe
		.nuget\NuGet.targets = .nuget\NuGet.targets
	EndProjectSection
EndProject
Project("{FAE04EC0-301F-11D3-BF4B-00C04F79EFBC}") = "Common", "Common\Common.csproj", "{720062DC-D289-4F4E-8229-533606F279F3}"
EndProject
Project("{FAE04EC0-301F-11D3-BF4B-00C04F79EFBC}") = "Shared", "Shared\Shared.csproj", "{CD47980F-9A7C-432C-9ED0-62E1802F1B1D}"
EndProject
Project("{FAE04EC0-301F-11D3-BF4B-00C04F79EFBC}") = "Client.Tests", "ClientTests\Client.Tests.csproj", "{C51F85DF-41C9-409C-82EE-EDBEC19A8FDB}"
EndProject
Global
	GlobalSection(SolutionConfigurationPlatforms) = preSolution
		Debug|Any CPU = Debug|Any CPU
		Debug|ARM = Debug|ARM
		Debug|x64 = Debug|x64
		Debug|x86 = Debug|x86
		Release|Any CPU = Release|Any CPU
		Release|ARM = Release|ARM
		Release|x64 = Release|x64
		Release|x86 = Release|x86
	EndGlobalSection
	GlobalSection(ProjectConfigurationPlatforms) = postSolution
		{13D2E3E4-79AF-4FBB-A085-CBC755E64A99}.Debug|Any CPU.ActiveCfg = Debug|Any CPU
		{13D2E3E4-79AF-4FBB-A085-CBC755E64A99}.Debug|Any CPU.Build.0 = Debug|Any CPU
		{13D2E3E4-79AF-4FBB-A085-CBC755E64A99}.Debug|Any CPU.Deploy.0 = Debug|Any CPU
		{13D2E3E4-79AF-4FBB-A085-CBC755E64A99}.Debug|ARM.ActiveCfg = Debug|ARM
		{13D2E3E4-79AF-4FBB-A085-CBC755E64A99}.Debug|ARM.Build.0 = Debug|ARM
		{13D2E3E4-79AF-4FBB-A085-CBC755E64A99}.Debug|ARM.Deploy.0 = Debug|ARM
		{13D2E3E4-79AF-4FBB-A085-CBC755E64A99}.Debug|x64.ActiveCfg = Debug|x64
		{13D2E3E4-79AF-4FBB-A085-CBC755E64A99}.Debug|x64.Build.0 = Debug|x64
		{13D2E3E4-79AF-4FBB-A085-CBC755E64A99}.Debug|x64.Deploy.0 = Debug|x64
		{13D2E3E4-79AF-4FBB-A085-CBC755E64A99}.Debug|x86.ActiveCfg = Debug|x86
		{13D2E3E4-79AF-4FBB-A085-CBC755E64A99}.Debug|x86.Build.0 = Debug|x86
		{13D2E3E4-79AF-4FBB-A085-CBC755E64A99}.Debug|x86.Deploy.0 = Debug|x86
		{13D2E3E4-79AF-4FBB-A085-CBC755E64A99}.Release|Any CPU.ActiveCfg = Release|Any CPU
		{13D2E3E4-79AF-4FBB-A085-CBC755E64A99}.Release|Any CPU.Build.0 = Release|Any CPU
		{13D2E3E4-79AF-4FBB-A085-CBC755E64A99}.Release|Any CPU.Deploy.0 = Release|Any CPU
		{13D2E3E4-79AF-4FBB-A085-CBC755E64A99}.Release|ARM.ActiveCfg = Release|ARM
		{13D2E3E4-79AF-4FBB-A085-CBC755E64A99}.Release|ARM.Build.0 = Release|ARM
		{13D2E3E4-79AF-4FBB-A085-CBC755E64A99}.Release|ARM.Deploy.0 = Release|ARM
		{13D2E3E4-79AF-4FBB-A085-CBC755E64A99}.Release|x64.ActiveCfg = Release|x64
		{13D2E3E4-79AF-4FBB-A085-CBC755E64A99}.Release|x64.Build.0 = Release|x64
		{13D2E3E4-79AF-4FBB-A085-CBC755E64A99}.Release|x64.Deploy.0 = Release|x64
		{13D2E3E4-79AF-4FBB-A085-CBC755E64A99}.Release|x86.ActiveCfg = Release|x86
		{13D2E3E4-79AF-4FBB-A085-CBC755E64A99}.Release|x86.Build.0 = Release|x86
		{13D2E3E4-79AF-4FBB-A085-CBC755E64A99}.Release|x86.Deploy.0 = Release|x86
		{59459D05-8D48-4D87-AABD-7D01E4E32CEC}.Debug|Any CPU.ActiveCfg = Debug|Any CPU
		{59459D05-8D48-4D87-AABD-7D01E4E32CEC}.Debug|Any CPU.Build.0 = Debug|Any CPU
		{59459D05-8D48-4D87-AABD-7D01E4E32CEC}.Debug|ARM.ActiveCfg = Debug|Any CPU
		{59459D05-8D48-4D87-AABD-7D01E4E32CEC}.Debug|x64.ActiveCfg = Debug|Any CPU
		{59459D05-8D48-4D87-AABD-7D01E4E32CEC}.Debug|x86.ActiveCfg = Debug|Any CPU
		{59459D05-8D48-4D87-AABD-7D01E4E32CEC}.Release|Any CPU.ActiveCfg = Release|Any CPU
		{59459D05-8D48-4D87-AABD-7D01E4E32CEC}.Release|Any CPU.Build.0 = Release|Any CPU
		{59459D05-8D48-4D87-AABD-7D01E4E32CEC}.Release|ARM.ActiveCfg = Release|Any CPU
		{59459D05-8D48-4D87-AABD-7D01E4E32CEC}.Release|x64.ActiveCfg = Release|Any CPU
		{59459D05-8D48-4D87-AABD-7D01E4E32CEC}.Release|x86.ActiveCfg = Release|Any CPU
		{720062DC-D289-4F4E-8229-533606F279F3}.Debug|Any CPU.ActiveCfg = Debug|Any CPU
		{720062DC-D289-4F4E-8229-533606F279F3}.Debug|Any CPU.Build.0 = Debug|Any CPU
		{720062DC-D289-4F4E-8229-533606F279F3}.Debug|ARM.ActiveCfg = Debug|Any CPU
		{720062DC-D289-4F4E-8229-533606F279F3}.Debug|x64.ActiveCfg = Debug|Any CPU
		{720062DC-D289-4F4E-8229-533606F279F3}.Debug|x86.ActiveCfg = Debug|Any CPU
		{720062DC-D289-4F4E-8229-533606F279F3}.Release|Any CPU.ActiveCfg = Release|Any CPU
		{720062DC-D289-4F4E-8229-533606F279F3}.Release|Any CPU.Build.0 = Release|Any CPU
		{720062DC-D289-4F4E-8229-533606F279F3}.Release|ARM.ActiveCfg = Release|Any CPU
		{720062DC-D289-4F4E-8229-533606F279F3}.Release|x64.ActiveCfg = Release|Any CPU
		{720062DC-D289-4F4E-8229-533606F279F3}.Release|x86.ActiveCfg = Release|Any CPU
		{CD47980F-9A7C-432C-9ED0-62E1802F1B1D}.Debug|Any CPU.ActiveCfg = Debug|Any CPU
		{CD47980F-9A7C-432C-9ED0-62E1802F1B1D}.Debug|Any CPU.Build.0 = Debug|Any CPU
		{CD47980F-9A7C-432C-9ED0-62E1802F1B1D}.Debug|ARM.ActiveCfg = Debug|Any CPU
		{CD47980F-9A7C-432C-9ED0-62E1802F1B1D}.Debug|x64.ActiveCfg = Debug|Any CPU
		{CD47980F-9A7C-432C-9ED0-62E1802F1B1D}.Debug|x86.ActiveCfg = Debug|Any CPU
		{CD47980F-9A7C-432C-9ED0-62E1802F1B1D}.Release|Any CPU.ActiveCfg = Release|Any CPU
		{CD47980F-9A7C-432C-9ED0-62E1802F1B1D}.Release|Any CPU.Build.0 = Release|Any CPU
		{CD47980F-9A7C-432C-9ED0-62E1802F1B1D}.Release|ARM.ActiveCfg = Release|Any CPU
		{CD47980F-9A7C-432C-9ED0-62E1802F1B1D}.Release|x64.ActiveCfg = Release|Any CPU
		{CD47980F-9A7C-432C-9ED0-62E1802F1B1D}.Release|x86.ActiveCfg = Release|Any CPU
		{C51F85DF-41C9-409C-82EE-EDBEC19A8FDB}.Debug|Any CPU.ActiveCfg = Debug|Any CPU
		{C51F85DF-41C9-409C-82EE-EDBEC19A8FDB}.Debug|Any CPU.Build.0 = Debug|Any CPU
		{C51F85DF-41C9-409C-82EE-EDBEC19A8FDB}.Debug|Any CPU.Deploy.0 = Debug|Any CPU
		{C51F85DF-41C9-409C-82EE-EDBEC19A8FDB}.Debug|ARM.ActiveCfg = Debug|ARM
		{C51F85DF-41C9-409C-82EE-EDBEC19A8FDB}.Debug|ARM.Build.0 = Debug|ARM
		{C51F85DF-41C9-409C-82EE-EDBEC19A8FDB}.Debug|ARM.Deploy.0 = Debug|ARM
		{C51F85DF-41C9-409C-82EE-EDBEC19A8FDB}.Debug|x64.ActiveCfg = Debug|x64
		{C51F85DF-41C9-409C-82EE-EDBEC19A8FDB}.Debug|x64.Build.0 = Debug|x64
		{C51F85DF-41C9-409C-82EE-EDBEC19A8FDB}.Debug|x64.Deploy.0 = Debug|x64
		{C51F85DF-41C9-409C-82EE-EDBEC19A8FDB}.Debug|x86.ActiveCfg = Debug|x86
		{C51F85DF-41C9-409C-82EE-EDBEC19A8FDB}.Debug|x86.Build.0 = Debug|x86
		{C51F85DF-41C9-409C-82EE-EDBEC19A8FDB}.Debug|x86.Deploy.0 = Debug|x86
		{C51F85DF-41C9-409C-82EE-EDBEC19A8FDB}.Release|Any CPU.ActiveCfg = Release|Any CPU
		{C51F85DF-41C9-409C-82EE-EDBEC19A8FDB}.Release|Any CPU.Build.0 = Release|Any CPU
		{C51F85DF-41C9-409C-82EE-EDBEC19A8FDB}.Release|Any CPU.Deploy.0 = Release|Any CPU
		{C51F85DF-41C9-409C-82EE-EDBEC19A8FDB}.Release|ARM.ActiveCfg = Release|ARM
		{C51F85DF-41C9-409C-82EE-EDBEC19A8FDB}.Release|ARM.Build.0 = Release|ARM
		{C51F85DF-41C9-409C-82EE-EDBEC19A8FDB}.Release|ARM.Deploy.0 = Release|ARM
		{C51F85DF-41C9-409C-82EE-EDBEC19A8FDB}.Release|x64.ActiveCfg = Release|x64
		{C51F85DF-41C9-409C-82EE-EDBEC19A8FDB}.Release|x64.Build.0 = Release|x64
		{C51F85DF-41C9-409C-82EE-EDBEC19A8FDB}.Release|x64.Deploy.0 = Release|x64
		{C51F85DF-41C9-409C-82EE-EDBEC19A8FDB}.Release|x86.ActiveCfg = Release|x86
		{C51F85DF-41C9-409C-82EE-EDBEC19A8FDB}.Release|x86.Build.0 = Release|x86
		{C51F85DF-41C9-409C-82EE-EDBEC19A8FDB}.Release|x86.Deploy.0 = Release|x86
	EndGlobalSection
	GlobalSection(SolutionProperties) = preSolution
		HideSolutionNode = FALSE
	EndGlobalSection
EndGlobal
